
Microsoft Visual Studio Solution File, Format Version 12.00
# Visual Studio Version 16
VisualStudioVersion = 16.0.28729.10
MinimumVisualStudioVersion = 10.0.40219.1
Project("{FAE04EC0-301F-11D3-BF4B-00C04F79EFBC}") = "AdvancedAspNetCore.Testing", "AdvancedAspNetCore.Testing\AdvancedAspNetCore.Testing.csproj", "{17A5EAE1-3245-4BCA-890E-253447E9D9FA}"
EndProject
Project("{FAE04EC0-301F-11D3-BF4B-00C04F79EFBC}") = "AdvancedAspNetCore.Tests", "AdvancedAspNetCore.Tests\AdvancedAspNetCore.Tests.csproj", "{D20FD539-2D87-42C7-890C-EB154F9C2A5B}"
EndProject
Global
	GlobalSection(SolutionConfigurationPlatforms) = preSolution
		Debug|Any CPU = Debug|Any CPU
		Release|Any CPU = Release|Any CPU
	EndGlobalSection
	GlobalSection(ProjectConfigurationPlatforms) = postSolution
		{17A5EAE1-3245-4BCA-890E-253447E9D9FA}.Debug|Any CPU.ActiveCfg = Debug|Any CPU
		{17A5EAE1-3245-4BCA-890E-253447E9D9FA}.Debug|Any CPU.Build.0 = Debug|Any CPU
		{17A5EAE1-3245-4BCA-890E-253447E9D9FA}.Release|Any CPU.ActiveCfg = Release|Any CPU
		{17A5EAE1-3245-4BCA-890E-253447E9D9FA}.Release|Any CPU.Build.0 = Release|Any CPU
		{D20FD539-2D87-42C7-890C-EB154F9C2A5B}.Debug|Any CPU.ActiveCfg = Debug|Any CPU
		{D20FD539-2D87-42C7-890C-EB154F9C2A5B}.Debug|Any CPU.Build.0 = Debug|Any CPU
		{D20FD539-2D87-42C7-890C-EB154F9C2A5B}.Release|Any CPU.ActiveCfg = Release|Any CPU
		{D20FD539-2D87-42C7-890C-EB154F9C2A5B}.Release|Any CPU.Build.0 = Release|Any CPU
	EndGlobalSection
	GlobalSection(SolutionProperties) = preSolution
		HideSolutionNode = FALSE
	EndGlobalSection
	GlobalSection(ExtensibilityGlobals) = postSolution
		SolutionGuid = {83BB5F4C-836D-49BB-AED3-B3C58E7283D3}
	EndGlobalSection
EndGlobal
